
Microsoft Visual Studio Solution File, Format Version 12.00
# Visual Studio Version 16
VisualStudioVersion = 16.0.29926.136
MinimumVisualStudioVersion = 10.0.40219.1
Project("{FAE04EC0-301F-11D3-BF4B-00C04F79EFBC}") = "LMS.API", "LMS.API\LMS.API.csproj", "{788D096D-79A1-4B33-9DCA-E0782D5902FB}"
EndProject
Project("{FAE04EC0-301F-11D3-BF4B-00C04F79EFBC}") = "LMS.Model", "LMS.Model\LMS.Model.csproj", "{300C447A-9A38-4C3E-8CD2-C069075F8291}"
EndProject
Project("{FAE04EC0-301F-11D3-BF4B-00C04F79EFBC}") = "LMS.Repository", "LMS.Repository\LMS.Repository.csproj", "{88D2AF49-B141-4DA8-8213-E4A5D4BE8948}"
EndProject
Project("{FAE04EC0-301F-11D3-BF4B-00C04F79EFBC}") = "LMS.Data", "LMS.Data\LMS.Data.csproj", "{7530FDC8-9C88-48A2-9932-027ECDE1269B}"
EndProject
Global
	GlobalSection(SolutionConfigurationPlatforms) = preSolution
		Debug|Any CPU = Debug|Any CPU
		Release|Any CPU = Release|Any CPU
	EndGlobalSection
	GlobalSection(ProjectConfigurationPlatforms) = postSolution
		{788D096D-79A1-4B33-9DCA-E0782D5902FB}.Debug|Any CPU.ActiveCfg = Debug|Any CPU
		{788D096D-79A1-4B33-9DCA-E0782D5902FB}.Debug|Any CPU.Build.0 = Debug|Any CPU
		{788D096D-79A1-4B33-9DCA-E0782D5902FB}.Release|Any CPU.ActiveCfg = Release|Any CPU
		{788D096D-79A1-4B33-9DCA-E0782D5902FB}.Release|Any CPU.Build.0 = Release|Any CPU
		{300C447A-9A38-4C3E-8CD2-C069075F8291}.Debug|Any CPU.ActiveCfg = Debug|Any CPU
		{300C447A-9A38-4C3E-8CD2-C069075F8291}.Debug|Any CPU.Build.0 = Debug|Any CPU
		{300C447A-9A38-4C3E-8CD2-C069075F8291}.Release|Any CPU.ActiveCfg = Release|Any CPU
		{300C447A-9A38-4C3E-8CD2-C069075F8291}.Release|Any CPU.Build.0 = Release|Any CPU
		{88D2AF49-B141-4DA8-8213-E4A5D4BE8948}.Debug|Any CPU.ActiveCfg = Debug|Any CPU
		{88D2AF49-B141-4DA8-8213-E4A5D4BE8948}.Debug|Any CPU.Build.0 = Debug|Any CPU
		{88D2AF49-B141-4DA8-8213-E4A5D4BE8948}.Release|Any CPU.ActiveCfg = Release|Any CPU
		{88D2AF49-B141-4DA8-8213-E4A5D4BE8948}.Release|Any CPU.Build.0 = Release|Any CPU
		{7530FDC8-9C88-48A2-9932-027ECDE1269B}.Debug|Any CPU.ActiveCfg = Debug|Any CPU
		{7530FDC8-9C88-48A2-9932-027ECDE1269B}.Debug|Any CPU.Build.0 = Debug|Any CPU
		{7530FDC8-9C88-48A2-9932-027ECDE1269B}.Release|Any CPU.ActiveCfg = Release|Any CPU
		{7530FDC8-9C88-48A2-9932-027ECDE1269B}.Release|Any CPU.Build.0 = Release|Any CPU
	EndGlobalSection
	GlobalSection(SolutionProperties) = preSolution
		HideSolutionNode = FALSE
	EndGlobalSection
	GlobalSection(ExtensibilityGlobals) = postSolution
		SolutionGuid = {9E5D7479-A256-4944-857D-985141FADB08}
	EndGlobalSection
EndGlobal
